// !$*UTF8*$!
{
	archiveVersion = 1;
	classes = {
	};
	objectVersion = 56;
	objects = {

/* Begin PBXBuildFile section */
		A68DC2930CCC0868A4B5A5DB /* Pods_IMusic.framework in Frameworks */ = {isa = PBXBuildFile; fileRef = 99E3E7113AC4594F40A5A9F9 /* Pods_IMusic.framework */; };
		FA3523782A5038FB001D57CF /* UIViewController + Storyboard.swift in Sources */ = {isa = PBXBuildFile; fileRef = FA3523772A5038FB001D57CF /* UIViewController + Storyboard.swift */; };
		FA5F5E5B2A4DB5AE0089EDC1 /* SearchPresenter.swift in Sources */ = {isa = PBXBuildFile; fileRef = FA5F5E542A4DB5AE0089EDC1 /* SearchPresenter.swift */; };
		FA5F5E5C2A4DB5AE0089EDC1 /* SearchWorker.swift in Sources */ = {isa = PBXBuildFile; fileRef = FA5F5E552A4DB5AE0089EDC1 /* SearchWorker.swift */; };
		FA5F5E5D2A4DB5AE0089EDC1 /* SearchRouter.swift in Sources */ = {isa = PBXBuildFile; fileRef = FA5F5E562A4DB5AE0089EDC1 /* SearchRouter.swift */; };
		FA5F5E5E2A4DB5AE0089EDC1 /* SearchModels.swift in Sources */ = {isa = PBXBuildFile; fileRef = FA5F5E572A4DB5AE0089EDC1 /* SearchModels.swift */; };
		FA5F5E5F2A4DB5AE0089EDC1 /* SearchViewController.swift in Sources */ = {isa = PBXBuildFile; fileRef = FA5F5E582A4DB5AE0089EDC1 /* SearchViewController.swift */; };
		FA5F5E602A4DB5AE0089EDC1 /* SearchInteractor.swift in Sources */ = {isa = PBXBuildFile; fileRef = FA5F5E592A4DB5AE0089EDC1 /* SearchInteractor.swift */; };
		FA702E822A4F09F4008F115E /* SearchViewController.storyboard in Resources */ = {isa = PBXBuildFile; fileRef = FA702E812A4F09F4008F115E /* SearchViewController.storyboard */; };
		FA83157E2A41FE3F0001256E /* AppDelegate.swift in Sources */ = {isa = PBXBuildFile; fileRef = FA83157D2A41FE3F0001256E /* AppDelegate.swift */; };
		FA8315802A41FE3F0001256E /* SceneDelegate.swift in Sources */ = {isa = PBXBuildFile; fileRef = FA83157F2A41FE3F0001256E /* SceneDelegate.swift */; };
		FA8315822A41FE3F0001256E /* ViewController.swift in Sources */ = {isa = PBXBuildFile; fileRef = FA8315812A41FE3F0001256E /* ViewController.swift */; };
		FA8315852A41FE3F0001256E /* Main.storyboard in Resources */ = {isa = PBXBuildFile; fileRef = FA8315832A41FE3F0001256E /* Main.storyboard */; };
		FA8315872A41FE400001256E /* Assets.xcassets in Resources */ = {isa = PBXBuildFile; fileRef = FA8315862A41FE400001256E /* Assets.xcassets */; };
		FA83158A2A41FE400001256E /* LaunchScreen.storyboard in Resources */ = {isa = PBXBuildFile; fileRef = FA8315882A41FE400001256E /* LaunchScreen.storyboard */; };
		FAE18AC12A44C0B200E6F57A /* MainTabBarController.swift in Sources */ = {isa = PBXBuildFile; fileRef = FAE18AC02A44C0B200E6F57A /* MainTabBarController.swift */; };
		FAE18AC32A44C19100E6F57A /* SearchMusicViewController.swift in Sources */ = {isa = PBXBuildFile; fileRef = FAE18AC22A44C19100E6F57A /* SearchMusicViewController.swift */; };
		FAE3A35C2A499BAD009D6237 /* SearchResponse.swift in Sources */ = {isa = PBXBuildFile; fileRef = FAE3A35B2A499BAD009D6237 /* SearchResponse.swift */; };
		FAE3A3622A4B3AE0009D6237 /* NetworkService.swift in Sources */ = {isa = PBXBuildFile; fileRef = FAE3A3612A4B3AE0009D6237 /* NetworkService.swift */; };
/* End PBXBuildFile section */

/* Begin PBXFileReference section */
		457CFDED44CBB3AB3C1CDA90 /* Pods-IMusic.release.xcconfig */ = {isa = PBXFileReference; includeInIndex = 1; lastKnownFileType = text.xcconfig; name = "Pods-IMusic.release.xcconfig"; path = "Target Support Files/Pods-IMusic/Pods-IMusic.release.xcconfig"; sourceTree = "<group>"; };
		7C6E62F3BBC901511C7ECAF2 /* Pods-IMusic.debug.xcconfig */ = {isa = PBXFileReference; includeInIndex = 1; lastKnownFileType = text.xcconfig; name = "Pods-IMusic.debug.xcconfig"; path = "Target Support Files/Pods-IMusic/Pods-IMusic.debug.xcconfig"; sourceTree = "<group>"; };
		99E3E7113AC4594F40A5A9F9 /* Pods_IMusic.framework */ = {isa = PBXFileReference; explicitFileType = wrapper.framework; includeInIndex = 0; path = Pods_IMusic.framework; sourceTree = BUILT_PRODUCTS_DIR; };
		FA3523772A5038FB001D57CF /* UIViewController + Storyboard.swift */ = {isa = PBXFileReference; lastKnownFileType = sourcecode.swift; path = "UIViewController + Storyboard.swift"; sourceTree = "<group>"; };
		FA5F5E542A4DB5AE0089EDC1 /* SearchPresenter.swift */ = {isa = PBXFileReference; lastKnownFileType = sourcecode.swift; path = SearchPresenter.swift; sourceTree = "<group>"; };
		FA5F5E552A4DB5AE0089EDC1 /* SearchWorker.swift */ = {isa = PBXFileReference; lastKnownFileType = sourcecode.swift; path = SearchWorker.swift; sourceTree = "<group>"; };
		FA5F5E562A4DB5AE0089EDC1 /* SearchRouter.swift */ = {isa = PBXFileReference; lastKnownFileType = sourcecode.swift; path = SearchRouter.swift; sourceTree = "<group>"; };
		FA5F5E572A4DB5AE0089EDC1 /* SearchModels.swift */ = {isa = PBXFileReference; lastKnownFileType = sourcecode.swift; path = SearchModels.swift; sourceTree = "<group>"; };
		FA5F5E582A4DB5AE0089EDC1 /* SearchViewController.swift */ = {isa = PBXFileReference; lastKnownFileType = sourcecode.swift; path = SearchViewController.swift; sourceTree = "<group>"; };
		FA5F5E592A4DB5AE0089EDC1 /* SearchInteractor.swift */ = {isa = PBXFileReference; lastKnownFileType = sourcecode.swift; path = SearchInteractor.swift; sourceTree = "<group>"; };
		FA702E812A4F09F4008F115E /* SearchViewController.storyboard */ = {isa = PBXFileReference; lastKnownFileType = file.storyboard; path = SearchViewController.storyboard; sourceTree = "<group>"; };
		FA83157A2A41FE3F0001256E /* IMusic.app */ = {isa = PBXFileReference; explicitFileType = wrapper.application; includeInIndex = 0; path = IMusic.app; sourceTree = BUILT_PRODUCTS_DIR; };
		FA83157D2A41FE3F0001256E /* AppDelegate.swift */ = {isa = PBXFileReference; lastKnownFileType = sourcecode.swift; path = AppDelegate.swift; sourceTree = "<group>"; };
		FA83157F2A41FE3F0001256E /* SceneDelegate.swift */ = {isa = PBXFileReference; lastKnownFileType = sourcecode.swift; path = SceneDelegate.swift; sourceTree = "<group>"; };
		FA8315812A41FE3F0001256E /* ViewController.swift */ = {isa = PBXFileReference; lastKnownFileType = sourcecode.swift; path = ViewController.swift; sourceTree = "<group>"; };
		FA8315842A41FE3F0001256E /* Base */ = {isa = PBXFileReference; lastKnownFileType = file.storyboard; name = Base; path = Base.lproj/Main.storyboard; sourceTree = "<group>"; };
		FA8315862A41FE400001256E /* Assets.xcassets */ = {isa = PBXFileReference; lastKnownFileType = folder.assetcatalog; path = Assets.xcassets; sourceTree = "<group>"; };
		FA8315892A41FE400001256E /* Base */ = {isa = PBXFileReference; lastKnownFileType = file.storyboard; name = Base; path = Base.lproj/LaunchScreen.storyboard; sourceTree = "<group>"; };
		FA83158B2A41FE400001256E /* Info.plist */ = {isa = PBXFileReference; lastKnownFileType = text.plist.xml; path = Info.plist; sourceTree = "<group>"; };
		FAE18AC02A44C0B200E6F57A /* MainTabBarController.swift */ = {isa = PBXFileReference; lastKnownFileType = sourcecode.swift; path = MainTabBarController.swift; sourceTree = "<group>"; };
		FAE18AC22A44C19100E6F57A /* SearchMusicViewController.swift */ = {isa = PBXFileReference; lastKnownFileType = sourcecode.swift; path = SearchMusicViewController.swift; sourceTree = "<group>"; };
		FAE3A35B2A499BAD009D6237 /* SearchResponse.swift */ = {isa = PBXFileReference; lastKnownFileType = sourcecode.swift; path = SearchResponse.swift; sourceTree = "<group>"; };
		FAE3A3612A4B3AE0009D6237 /* NetworkService.swift */ = {isa = PBXFileReference; lastKnownFileType = sourcecode.swift; path = NetworkService.swift; sourceTree = "<group>"; };
/* End PBXFileReference section */

/* Begin PBXFrameworksBuildPhase section */
		FA8315772A41FE3F0001256E /* Frameworks */ = {
			isa = PBXFrameworksBuildPhase;
			buildActionMask = 2147483647;
			files = (
				A68DC2930CCC0868A4B5A5DB /* Pods_IMusic.framework in Frameworks */,
			);
			runOnlyForDeploymentPostprocessing = 0;
		};
/* End PBXFrameworksBuildPhase section */

/* Begin PBXGroup section */
		9C5EDA59705E60F939BA9D08 /* Pods */ = {
			isa = PBXGroup;
			children = (
				7C6E62F3BBC901511C7ECAF2 /* Pods-IMusic.debug.xcconfig */,
				457CFDED44CBB3AB3C1CDA90 /* Pods-IMusic.release.xcconfig */,
			);
			path = Pods;
			sourceTree = "<group>";
		};
		CC67AE8BF037320303539268 /* Frameworks */ = {
			isa = PBXGroup;
			children = (
				99E3E7113AC4594F40A5A9F9 /* Pods_IMusic.framework */,
			);
			name = Frameworks;
			sourceTree = "<group>";
		};
		FA5F5E442A4DB4890089EDC1 /* Search */ = {
			isa = PBXGroup;
			children = (
				FA702E812A4F09F4008F115E /* SearchViewController.storyboard */,
				FA5F5E582A4DB5AE0089EDC1 /* SearchViewController.swift */,
				FA5F5E542A4DB5AE0089EDC1 /* SearchPresenter.swift */,
				FA5F5E592A4DB5AE0089EDC1 /* SearchInteractor.swift */,
				FA5F5E552A4DB5AE0089EDC1 /* SearchWorker.swift */,
				FA5F5E562A4DB5AE0089EDC1 /* SearchRouter.swift */,
				FA5F5E572A4DB5AE0089EDC1 /* SearchModels.swift */,
			);
			path = Search;
			sourceTree = "<group>";
		};
		FA5F5E532A4DB4F90089EDC1 /* Services */ = {
			isa = PBXGroup;
			children = (
				FAE3A3612A4B3AE0009D6237 /* NetworkService.swift */,
			);
			path = Services;
			sourceTree = "<group>";
		};
		FA8315712A41FE3F0001256E = {
			isa = PBXGroup;
			children = (
				FA83157C2A41FE3F0001256E /* IMusic */,
				FA83157B2A41FE3F0001256E /* Products */,
				9C5EDA59705E60F939BA9D08 /* Pods */,
				CC67AE8BF037320303539268 /* Frameworks */,
			);
			sourceTree = "<group>";
		};
		FA83157B2A41FE3F0001256E /* Products */ = {
			isa = PBXGroup;
			children = (
				FA83157A2A41FE3F0001256E /* IMusic.app */,
			);
			name = Products;
			sourceTree = "<group>";
		};
		FA83157C2A41FE3F0001256E /* IMusic */ = {
			isa = PBXGroup;
			children = (
				FA83157D2A41FE3F0001256E /* AppDelegate.swift */,
				FA83157F2A41FE3F0001256E /* SceneDelegate.swift */,
				FA8315812A41FE3F0001256E /* ViewController.swift */,
				FA5F5E532A4DB4F90089EDC1 /* Services */,
				FA5F5E442A4DB4890089EDC1 /* Search */,
				FAE18AC22A44C19100E6F57A /* SearchMusicViewController.swift */,
				FAE3A35B2A499BAD009D6237 /* SearchResponse.swift */,
				FAE18AC02A44C0B200E6F57A /* MainTabBarController.swift */,
				FA3523772A5038FB001D57CF /* UIViewController + Storyboard.swift */,
				FA8315832A41FE3F0001256E /* Main.storyboard */,
				FA8315862A41FE400001256E /* Assets.xcassets */,
				FA8315882A41FE400001256E /* LaunchScreen.storyboard */,
				FA83158B2A41FE400001256E /* Info.plist */,
			);
			path = IMusic;
			sourceTree = "<group>";
		};
/* End PBXGroup section */

/* Begin PBXNativeTarget section */
		FA8315792A41FE3F0001256E /* IMusic */ = {
			isa = PBXNativeTarget;
			buildConfigurationList = FA83158E2A41FE400001256E /* Build configuration list for PBXNativeTarget "IMusic" */;
			buildPhases = (
				49745DBDB2FBC76D48F162CA /* [CP] Check Pods Manifest.lock */,
				FA8315762A41FE3F0001256E /* Sources */,
				FA8315772A41FE3F0001256E /* Frameworks */,
				FA8315782A41FE3F0001256E /* Resources */,
				2D9A2A20C99AFEB6523399D9 /* [CP] Embed Pods Frameworks */,
			);
			buildRules = (
			);
			dependencies = (
			);
			name = IMusic;
			productName = IMusic;
			productReference = FA83157A2A41FE3F0001256E /* IMusic.app */;
			productType = "com.apple.product-type.application";
		};
/* End PBXNativeTarget section */

/* Begin PBXProject section */
		FA8315722A41FE3F0001256E /* Project object */ = {
			isa = PBXProject;
			attributes = {
				BuildIndependentTargetsInParallel = 1;
				LastSwiftUpdateCheck = 1420;
				LastUpgradeCheck = 1420;
				TargetAttributes = {
					FA8315792A41FE3F0001256E = {
						CreatedOnToolsVersion = 14.2;
					};
				};
			};
			buildConfigurationList = FA8315752A41FE3F0001256E /* Build configuration list for PBXProject "IMusic" */;
			compatibilityVersion = "Xcode 14.0";
			developmentRegion = en;
			hasScannedForEncodings = 0;
			knownRegions = (
				en,
				Base,
			);
			mainGroup = FA8315712A41FE3F0001256E;
			productRefGroup = FA83157B2A41FE3F0001256E /* Products */;
			projectDirPath = "";
			projectRoot = "";
			targets = (
				FA8315792A41FE3F0001256E /* IMusic */,
			);
		};
/* End PBXProject section */

/* Begin PBXResourcesBuildPhase section */
		FA8315782A41FE3F0001256E /* Resources */ = {
			isa = PBXResourcesBuildPhase;
			buildActionMask = 2147483647;
			files = (
				FA83158A2A41FE400001256E /* LaunchScreen.storyboard in Resources */,
				FA8315872A41FE400001256E /* Assets.xcassets in Resources */,
				FA702E822A4F09F4008F115E /* SearchViewController.storyboard in Resources */,
				FA8315852A41FE3F0001256E /* Main.storyboard in Resources */,
			);
			runOnlyForDeploymentPostprocessing = 0;
		};
/* End PBXResourcesBuildPhase section */

/* Begin PBXShellScriptBuildPhase section */
		2D9A2A20C99AFEB6523399D9 /* [CP] Embed Pods Frameworks */ = {
			isa = PBXShellScriptBuildPhase;
			buildActionMask = 2147483647;
			files = (
			);
			inputFileListPaths = (
				"${PODS_ROOT}/Target Support Files/Pods-IMusic/Pods-IMusic-frameworks-${CONFIGURATION}-input-files.xcfilelist",
			);
			name = "[CP] Embed Pods Frameworks";
			outputFileListPaths = (
				"${PODS_ROOT}/Target Support Files/Pods-IMusic/Pods-IMusic-frameworks-${CONFIGURATION}-output-files.xcfilelist",
			);
			runOnlyForDeploymentPostprocessing = 0;
			shellPath = /bin/sh;
			shellScript = "\"${PODS_ROOT}/Target Support Files/Pods-IMusic/Pods-IMusic-frameworks.sh\"\n";
			showEnvVarsInLog = 0;
		};
		49745DBDB2FBC76D48F162CA /* [CP] Check Pods Manifest.lock */ = {
			isa = PBXShellScriptBuildPhase;
			buildActionMask = 2147483647;
			files = (
			);
			inputFileListPaths = (
			);
			inputPaths = (
				"${PODS_PODFILE_DIR_PATH}/Podfile.lock",
				"${PODS_ROOT}/Manifest.lock",
			);
			name = "[CP] Check Pods Manifest.lock";
			outputFileListPaths = (
			);
			outputPaths = (
				"$(DERIVED_FILE_DIR)/Pods-IMusic-checkManifestLockResult.txt",
			);
			runOnlyForDeploymentPostprocessing = 0;
			shellPath = /bin/sh;
			shellScript = "diff \"${PODS_PODFILE_DIR_PATH}/Podfile.lock\" \"${PODS_ROOT}/Manifest.lock\" > /dev/null\nif [ $? != 0 ] ; then\n    # print error to STDERR\n    echo \"error: The sandbox is not in sync with the Podfile.lock. Run 'pod install' or update your CocoaPods installation.\" >&2\n    exit 1\nfi\n# This output is used by Xcode 'outputs' to avoid re-running this script phase.\necho \"SUCCESS\" > \"${SCRIPT_OUTPUT_FILE_0}\"\n";
			showEnvVarsInLog = 0;
		};
/* End PBXShellScriptBuildPhase section */

/* Begin PBXSourcesBuildPhase section */
		FA8315762A41FE3F0001256E /* Sources */ = {
			isa = PBXSourcesBuildPhase;
			buildActionMask = 2147483647;
			files = (
				FAE18AC32A44C19100E6F57A /* SearchMusicViewController.swift in Sources */,
				FA3523782A5038FB001D57CF /* UIViewController + Storyboard.swift in Sources */,
				FA8315822A41FE3F0001256E /* ViewController.swift in Sources */,
				FAE3A35C2A499BAD009D6237 /* SearchResponse.swift in Sources */,
				FA5F5E602A4DB5AE0089EDC1 /* SearchInteractor.swift in Sources */,
				FA83157E2A41FE3F0001256E /* AppDelegate.swift in Sources */,
				FAE18AC12A44C0B200E6F57A /* MainTabBarController.swift in Sources */,
				FA5F5E5C2A4DB5AE0089EDC1 /* SearchWorker.swift in Sources */,
				FA5F5E5F2A4DB5AE0089EDC1 /* SearchViewController.swift in Sources */,
				FA5F5E5D2A4DB5AE0089EDC1 /* SearchRouter.swift in Sources */,
				FA5F5E5E2A4DB5AE0089EDC1 /* SearchModels.swift in Sources */,
				FA8315802A41FE3F0001256E /* SceneDelegate.swift in Sources */,
				FA5F5E5B2A4DB5AE0089EDC1 /* SearchPresenter.swift in Sources */,
				FAE3A3622A4B3AE0009D6237 /* NetworkService.swift in Sources */,
			);
			runOnlyForDeploymentPostprocessing = 0;
		};
/* End PBXSourcesBuildPhase section */

/* Begin PBXVariantGroup section */
		FA8315832A41FE3F0001256E /* Main.storyboard */ = {
			isa = PBXVariantGroup;
			children = (
				FA8315842A41FE3F0001256E /* Base */,
			);
			name = Main.storyboard;
			sourceTree = "<group>";
		};
		FA8315882A41FE400001256E /* LaunchScreen.storyboard */ = {
			isa = PBXVariantGroup;
			children = (
				FA8315892A41FE400001256E /* Base */,
			);
			name = LaunchScreen.storyboard;
			sourceTree = "<group>";
		};
/* End PBXVariantGroup section */

/* Begin XCBuildConfiguration section */
		FA83158C2A41FE400001256E /* Debug */ = {
			isa = XCBuildConfiguration;
			buildSettings = {
				ALWAYS_SEARCH_USER_PATHS = NO;
				CLANG_ANALYZER_NONNULL = YES;
				CLANG_ANALYZER_NUMBER_OBJECT_CONVERSION = YES_AGGRESSIVE;
				CLANG_CXX_LANGUAGE_STANDARD = "gnu++20";
				CLANG_ENABLE_MODULES = YES;
				CLANG_ENABLE_OBJC_ARC = YES;
				CLANG_ENABLE_OBJC_WEAK = YES;
				CLANG_WARN_BLOCK_CAPTURE_AUTORELEASING = YES;
				CLANG_WARN_BOOL_CONVERSION = YES;
				CLANG_WARN_COMMA = YES;
				CLANG_WARN_CONSTANT_CONVERSION = YES;
				CLANG_WARN_DEPRECATED_OBJC_IMPLEMENTATIONS = YES;
				CLANG_WARN_DIRECT_OBJC_ISA_USAGE = YES_ERROR;
				CLANG_WARN_DOCUMENTATION_COMMENTS = YES;
				CLANG_WARN_EMPTY_BODY = YES;
				CLANG_WARN_ENUM_CONVERSION = YES;
				CLANG_WARN_INFINITE_RECURSION = YES;
				CLANG_WARN_INT_CONVERSION = YES;
				CLANG_WARN_NON_LITERAL_NULL_CONVERSION = YES;
				CLANG_WARN_OBJC_IMPLICIT_RETAIN_SELF = YES;
				CLANG_WARN_OBJC_LITERAL_CONVERSION = YES;
				CLANG_WARN_OBJC_ROOT_CLASS = YES_ERROR;
				CLANG_WARN_QUOTED_INCLUDE_IN_FRAMEWORK_HEADER = YES;
				CLANG_WARN_RANGE_LOOP_ANALYSIS = YES;
				CLANG_WARN_STRICT_PROTOTYPES = YES;
				CLANG_WARN_SUSPICIOUS_MOVE = YES;
				CLANG_WARN_UNGUARDED_AVAILABILITY = YES_AGGRESSIVE;
				CLANG_WARN_UNREACHABLE_CODE = YES;
				CLANG_WARN__DUPLICATE_METHOD_MATCH = YES;
				COPY_PHASE_STRIP = NO;
				DEBUG_INFORMATION_FORMAT = dwarf;
				ENABLE_STRICT_OBJC_MSGSEND = YES;
				ENABLE_TESTABILITY = YES;
				GCC_C_LANGUAGE_STANDARD = gnu11;
				GCC_DYNAMIC_NO_PIC = NO;
				GCC_NO_COMMON_BLOCKS = YES;
				GCC_OPTIMIZATION_LEVEL = 0;
				GCC_PREPROCESSOR_DEFINITIONS = (
					"DEBUG=1",
					"$(inherited)",
				);
				GCC_WARN_64_TO_32_BIT_CONVERSION = YES;
				GCC_WARN_ABOUT_RETURN_TYPE = YES_ERROR;
				GCC_WARN_UNDECLARED_SELECTOR = YES;
				GCC_WARN_UNINITIALIZED_AUTOS = YES_AGGRESSIVE;
				GCC_WARN_UNUSED_FUNCTION = YES;
				GCC_WARN_UNUSED_VARIABLE = YES;
				IPHONEOS_DEPLOYMENT_TARGET = 16.2;
				MTL_ENABLE_DEBUG_INFO = INCLUDE_SOURCE;
				MTL_FAST_MATH = YES;
				ONLY_ACTIVE_ARCH = YES;
				SDKROOT = iphoneos;
				SWIFT_ACTIVE_COMPILATION_CONDITIONS = DEBUG;
				SWIFT_OPTIMIZATION_LEVEL = "-Onone";
			};
			name = Debug;
		};
		FA83158D2A41FE400001256E /* Release */ = {
			isa = XCBuildConfiguration;
			buildSettings = {
				ALWAYS_SEARCH_USER_PATHS = NO;
				CLANG_ANALYZER_NONNULL = YES;
				CLANG_ANALYZER_NUMBER_OBJECT_CONVERSION = YES_AGGRESSIVE;
				CLANG_CXX_LANGUAGE_STANDARD = "gnu++20";
				CLANG_ENABLE_MODULES = YES;
				CLANG_ENABLE_OBJC_ARC = YES;
				CLANG_ENABLE_OBJC_WEAK = YES;
				CLANG_WARN_BLOCK_CAPTURE_AUTORELEASING = YES;
				CLANG_WARN_BOOL_CONVERSION = YES;
				CLANG_WARN_COMMA = YES;
				CLANG_WARN_CONSTANT_CONVERSION = YES;
				CLANG_WARN_DEPRECATED_OBJC_IMPLEMENTATIONS = YES;
				CLANG_WARN_DIRECT_OBJC_ISA_USAGE = YES_ERROR;
				CLANG_WARN_DOCUMENTATION_COMMENTS = YES;
				CLANG_WARN_EMPTY_BODY = YES;
				CLANG_WARN_ENUM_CONVERSION = YES;
				CLANG_WARN_INFINITE_RECURSION = YES;
				CLANG_WARN_INT_CONVERSION = YES;
				CLANG_WARN_NON_LITERAL_NULL_CONVERSION = YES;
				CLANG_WARN_OBJC_IMPLICIT_RETAIN_SELF = YES;
				CLANG_WARN_OBJC_LITERAL_CONVERSION = YES;
				CLANG_WARN_OBJC_ROOT_CLASS = YES_ERROR;
				CLANG_WARN_QUOTED_INCLUDE_IN_FRAMEWORK_HEADER = YES;
				CLANG_WARN_RANGE_LOOP_ANALYSIS = YES;
				CLANG_WARN_STRICT_PROTOTYPES = YES;
				CLANG_WARN_SUSPICIOUS_MOVE = YES;
				CLANG_WARN_UNGUARDED_AVAILABILITY = YES_AGGRESSIVE;
				CLANG_WARN_UNREACHABLE_CODE = YES;
				CLANG_WARN__DUPLICATE_METHOD_MATCH = YES;
				COPY_PHASE_STRIP = NO;
				DEBUG_INFORMATION_FORMAT = "dwarf-with-dsym";
				ENABLE_NS_ASSERTIONS = NO;
				ENABLE_STRICT_OBJC_MSGSEND = YES;
				GCC_C_LANGUAGE_STANDARD = gnu11;
				GCC_NO_COMMON_BLOCKS = YES;
				GCC_WARN_64_TO_32_BIT_CONVERSION = YES;
				GCC_WARN_ABOUT_RETURN_TYPE = YES_ERROR;
				GCC_WARN_UNDECLARED_SELECTOR = YES;
				GCC_WARN_UNINITIALIZED_AUTOS = YES_AGGRESSIVE;
				GCC_WARN_UNUSED_FUNCTION = YES;
				GCC_WARN_UNUSED_VARIABLE = YES;
				IPHONEOS_DEPLOYMENT_TARGET = 16.2;
				MTL_ENABLE_DEBUG_INFO = NO;
				MTL_FAST_MATH = YES;
				SDKROOT = iphoneos;
				SWIFT_COMPILATION_MODE = wholemodule;
				SWIFT_OPTIMIZATION_LEVEL = "-O";
				VALIDATE_PRODUCT = YES;
			};
			name = Release;
		};
		FA83158F2A41FE400001256E /* Debug */ = {
			isa = XCBuildConfiguration;
			baseConfigurationReference = 7C6E62F3BBC901511C7ECAF2 /* Pods-IMusic.debug.xcconfig */;
			buildSettings = {
				ASSETCATALOG_COMPILER_APPICON_NAME = AppIcon;
				ASSETCATALOG_COMPILER_GLOBAL_ACCENT_COLOR_NAME = AccentColor;
				CODE_SIGN_STYLE = Automatic;
				CURRENT_PROJECT_VERSION = 1;
				GENERATE_INFOPLIST_FILE = YES;
				INFOPLIST_FILE = IMusic/Info.plist;
				INFOPLIST_KEY_UIApplicationSupportsIndirectInputEvents = YES;
				INFOPLIST_KEY_UILaunchStoryboardName = LaunchScreen;
				INFOPLIST_KEY_UIMainStoryboardFile = Main;
				INFOPLIST_KEY_UISupportedInterfaceOrientations_iPad = "UIInterfaceOrientationPortrait UIInterfaceOrientationPortraitUpsideDown UIInterfaceOrientationLandscapeLeft UIInterfaceOrientationLandscapeRight";
				INFOPLIST_KEY_UISupportedInterfaceOrientations_iPhone = "UIInterfaceOrientationPortrait UIInterfaceOrientationLandscapeLeft UIInterfaceOrientationLandscapeRight";
				LD_RUNPATH_SEARCH_PATHS = (
					"$(inherited)",
					"@executable_path/Frameworks",
				);
				MARKETING_VERSION = 1.0;
				PRODUCT_BUNDLE_IDENTIFIER = RamazanGasratov.IMusic;
				PRODUCT_NAME = "$(TARGET_NAME)";
				SWIFT_EMIT_LOC_STRINGS = YES;
				SWIFT_VERSION = 5.0;
				TARGETED_DEVICE_FAMILY = "1,2";
			};
			name = Debug;
		};
		FA8315902A41FE400001256E /* Release */ = {
			isa = XCBuildConfiguration;
			baseConfigurationReference = 457CFDED44CBB3AB3C1CDA90 /* Pods-IMusic.release.xcconfig */;
			buildSettings = {
				ASSETCATALOG_COMPILER_APPICON_NAME = AppIcon;
				ASSETCATALOG_COMPILER_GLOBAL_ACCENT_COLOR_NAME = AccentColor;
				CODE_SIGN_STYLE = Automatic;
				CURRENT_PROJECT_VERSION = 1;
				GENERATE_INFOPLIST_FILE = YES;
				INFOPLIST_FILE = IMusic/Info.plist;
				INFOPLIST_KEY_UIApplicationSupportsIndirectInputEvents = YES;
				INFOPLIST_KEY_UILaunchStoryboardName = LaunchScreen;
				INFOPLIST_KEY_UIMainStoryboardFile = Main;
				INFOPLIST_KEY_UISupportedInterfaceOrientations_iPad = "UIInterfaceOrientationPortrait UIInterfaceOrientationPortraitUpsideDown UIInterfaceOrientationLandscapeLeft UIInterfaceOrientationLandscapeRight";
				INFOPLIST_KEY_UISupportedInterfaceOrientations_iPhone = "UIInterfaceOrientationPortrait UIInterfaceOrientationLandscapeLeft UIInterfaceOrientationLandscapeRight";
				LD_RUNPATH_SEARCH_PATHS = (
					"$(inherited)",
					"@executable_path/Frameworks",
				);
				MARKETING_VERSION = 1.0;
				PRODUCT_BUNDLE_IDENTIFIER = RamazanGasratov.IMusic;
				PRODUCT_NAME = "$(TARGET_NAME)";
				SWIFT_EMIT_LOC_STRINGS = YES;
				SWIFT_VERSION = 5.0;
				TARGETED_DEVICE_FAMILY = "1,2";
			};
			name = Release;
		};
/* End XCBuildConfiguration section */

/* Begin XCConfigurationList section */
		FA8315752A41FE3F0001256E /* Build configuration list for PBXProject "IMusic" */ = {
			isa = XCConfigurationList;
			buildConfigurations = (
				FA83158C2A41FE400001256E /* Debug */,
				FA83158D2A41FE400001256E /* Release */,
			);
			defaultConfigurationIsVisible = 0;
			defaultConfigurationName = Release;
		};
		FA83158E2A41FE400001256E /* Build configuration list for PBXNativeTarget "IMusic" */ = {
			isa = XCConfigurationList;
			buildConfigurations = (
				FA83158F2A41FE400001256E /* Debug */,
				FA8315902A41FE400001256E /* Release */,
			);
			defaultConfigurationIsVisible = 0;
			defaultConfigurationName = Release;
		};
/* End XCConfigurationList section */
	};
	rootObject = FA8315722A41FE3F0001256E /* Project object */;
}
